lockfileVersion: '6.0'

settings:
  autoInstallPeers: true
  excludeLinksFromLockfile: false

dependencies:
  dotenv:
    specifier: ^16.3.1
    version: 16.3.1

devDependencies:
  '@playwright/test':
    specifier: ^1.40.1
    version: 1.40.1
  '@types/node':
    specifier: ^20.11.1
    version: 20.11.1
  pomwright:
    specifier: ^1.0.0
    version: 1.0.0(@playwright/test@1.40.1)

packages:

  /@playwright/test@1.40.1:
    resolution: {integrity: sha512-EaaawMTOeEItCRvfmkI9v6rBkF1svM8wjl/YPRrg2N2Wmp+4qJYkWtJsbew1szfKKDm6fPLy4YAanBhIlf9dWw==}
    engines: {node: '>=16'}
    hasBin: true
    dependencies:
      playwright: 1.40.1
    dev: true

  /@types/node@20.11.1:
    resolution: {integrity: sha512-DsXojJUES2M+FE8CpptJTKpg+r54moV9ZEncPstni1WHFmTcCzeFLnMFfyhCVS8XNOy/OQG+8lVxRLRrVHmV5A==}
    dependencies:
      undici-types: 5.26.5
    dev: true

  /dotenv@16.3.1:
    resolution: {integrity: sha512-IPzF4w4/Rd94bA9imS68tZBaYyBWSCE47V1RGuMrB94iyTOIEwRmVL2x/4An+6mETpLrKJ5hQkB8W4kFAadeIQ==}
    engines: {node: '>=12'}
    dev: false

  /fsevents@2.3.2:
    resolution: {integrity: sha512-xiqMQR4xAeHTuB9uWm+fFRcIOgKBMiOBP+eXiyT7jsgVCq1bkVygt00oASowB7EdtpOHaaPgKt812P9ab+DDKA==}
    engines: {node: ^8.16.0 || ^10.6.0 || >=11.0.0}
    os: [darwin]
    requiresBuild: true
    dev: true
    optional: true

  /playwright-core@1.40.1:
    resolution: {integrity: sha512-+hkOycxPiV534c4HhpfX6yrlawqVUzITRKwHAmYfmsVreltEl6fAZJ3DPfLMOODw0H3s1Itd6MDCWmP1fl/QvQ==}
    engines: {node: '>=16'}
    hasBin: true
    dev: true

  /playwright@1.40.1:
    resolution: {integrity: sha512-2eHI7IioIpQ0bS1Ovg/HszsN/XKNwEG1kbzSDDmADpclKc7CyqkHw7Mg2JCz/bbCxg25QUPcjksoMW7JcIFQmw==}
    engines: {node: '>=16'}
    hasBin: true
    dependencies:
      playwright-core: 1.40.1
    optionalDependencies:
      fsevents: 2.3.2
    dev: true

  /pomwright@1.0.0(@playwright/test@1.40.1):
    resolution: {integrity: sha512-JACHBp3bkEBtZDKhfBonvud9s5z1x0RBWYl9IfxezghttGJUGIxqFbGhDJTx8LR9xxJdYs+YpUM+eLIKYakAlw==}
    peerDependencies:
      '@playwright/test': ^1.40.1
    dependencies:
      '@playwright/test': 1.40.1
    dev: true

  /undici-types@5.26.5:
    resolution: {integrity: sha512-JlCMO+ehdEIKqlFxk6IfVoAUVmgz7cU7zD/h9XZ0qzeosSHmUJVOzSQvvYSYWXkFXC+IfLKSIffhv0sVZup6pA==}
    dev: true
