lockfileVersion: '6.0'

settings:
  autoInstallPeers: true
  excludeLinksFromLockfile: false

dependencies:
  '@playwright/test':
    specifier: ^1.40.1
    version: 1.40.1

devDependencies:
  '@types/node':
    specifier: ^20.10.8
    version: 20.10.8
  typescript:
    specifier: ^5.3.3
    version: 5.3.3

packages:

  /@playwright/test@1.40.1:
    resolution: {integrity: sha512-EaaawMTOeEItCRvfmkI9v6rBkF1svM8wjl/YPRrg2N2Wmp+4qJYkWtJsbew1szfKKDm6fPLy4YAanBhIlf9dWw==}
    engines: {node: '>=16'}
    hasBin: true
    dependencies:
      playwright: 1.40.1
    dev: false

  /@types/node@20.10.8:
    resolution: {integrity: sha512-f8nQs3cLxbAFc00vEU59yf9UyGUftkPaLGfvbVOIDdx2i1b8epBqj2aNGyP19fiyXWvlmZ7qC1XLjAzw/OKIeA==}
    dependencies:
      undici-types: 5.26.5
    dev: true

  /fsevents@2.3.2:
    resolution: {integrity: sha512-xiqMQR4xAeHTuB9uWm+fFRcIOgKBMiOBP+eXiyT7jsgVCq1bkVygt00oASowB7EdtpOHaaPgKt812P9ab+DDKA==}
    engines: {node: ^8.16.0 || ^10.6.0 || >=11.0.0}
    os: [darwin]
    requiresBuild: true
    dev: false
    optional: true

  /playwright-core@1.40.1:
    resolution: {integrity: sha512-+hkOycxPiV534c4HhpfX6yrlawqVUzITRKwHAmYfmsVreltEl6fAZJ3DPfLMOODw0H3s1Itd6MDCWmP1fl/QvQ==}
    engines: {node: '>=16'}
    hasBin: true
    dev: false

  /playwright@1.40.1:
    resolution: {integrity: sha512-2eHI7IioIpQ0bS1Ovg/HszsN/XKNwEG1kbzSDDmADpclKc7CyqkHw7Mg2JCz/bbCxg25QUPcjksoMW7JcIFQmw==}
    engines: {node: '>=16'}
    hasBin: true
    dependencies:
      playwright-core: 1.40.1
    optionalDependencies:
      fsevents: 2.3.2
    dev: false

  /typescript@5.3.3:
    resolution: {integrity: sha512-pXWcraxM0uxAS+tN0AG/BF2TyqmHO014Z070UsJ+pFvYuRSq8KH8DmWpnbXe0pEPDHXZV3FcAbJkijJ5oNEnWw==}
    engines: {node: '>=14.17'}
    hasBin: true
    dev: true

  /undici-types@5.26.5:
    resolution: {integrity: sha512-JlCMO+ehdEIKqlFxk6IfVoAUVmgz7cU7zD/h9XZ0qzeosSHmUJVOzSQvvYSYWXkFXC+IfLKSIffhv0sVZup6pA==}
    dev: true
